# THIS IS AN AUTOGENERATED FILE. DO NOT EDIT THIS FILE DIRECTLY.
# yarn lockfile v1


springtype@^2.0.0-beta.82:
  version "2.0.0-beta.82"
  resolved "https://registry.yarnpkg.com/springtype/-/springtype-2.0.0-beta.82.tgz#b1eccfb08aa3822fe2c3962aa12466e8ba6297e7"
  integrity sha512-rKjKufnAUAFRMrIR8nXRsthgD+8xTSyxeG1f+hK18hO/nq7KXkdPYLg9m4TDGokix8iyxoo26aXO6EmiLD/1Yg==

typescript@^3.7.4:
  version "3.8.3"
  resolved "https://registry.yarnpkg.com/typescript/-/typescript-3.8.3.tgz#409eb8544ea0335711205869ec458ab109ee1061"
  integrity sha512-MYlEfn5VrLNsgudQTVJeNaQFUAI7DkhnOjdpAp4T+ku1TfQClewlbSuTVHiA+8skNBgaf02TL/kLOvig4y3G8w==
