# THIS IS AN AUTOGENERATED FILE. DO NOT EDIT THIS FILE DIRECTLY.
# yarn lockfile v1


springtype@^2.0.0-beta.83:
  version "2.0.0-beta.83"
  resolved "https://registry.yarnpkg.com/springtype/-/springtype-2.0.0-beta.83.tgz#fe939763a03dc834de72ed078a15a9d78463db98"
  integrity sha512-pDqD5kiZzSmvyL3hztVlGSXN/iUOGNMOmx3CYWv6/o2GkI5dpKwqu1H32J5WFrrfOznPBn+uiqTFNTawgtIW6Q==

st-form@^1.0.0:
  version "1.0.0"
  resolved "https://registry.yarnpkg.com/st-form/-/st-form-1.0.0.tgz#21cf1d2e5511a4fe0293956691d6b1e563a142d6"
  integrity sha512-+LVg+2kC7cRh63Zx1exFQUhA4IE0A1f37a4p1N5lix0s/7hk+nK1oe8fbQoOlUHqM7tOCICnEDCyQe0fD2e7wQ==

st-validate@^1.0.1:
  version "1.0.1"
  resolved "https://registry.yarnpkg.com/st-validate/-/st-validate-1.0.1.tgz#100cc2ba6b7665035bf0dbde01eb41b1ae985e69"
  integrity sha512-eDk9+IOfn0RzuLWmdE8ZIJBow/uji5JBtWx6u4JzT/Os+1sFfwPSAxaqzMJOCYJRl+GFi9C+zmnYrHj75s0Bsw==

typescript@^3.7.4:
  version "3.8.3"
  resolved "https://registry.yarnpkg.com/typescript/-/typescript-3.8.3.tgz#409eb8544ea0335711205869ec458ab109ee1061"
  integrity sha512-MYlEfn5VrLNsgudQTVJeNaQFUAI7DkhnOjdpAp4T+ku1TfQClewlbSuTVHiA+8skNBgaf02TL/kLOvig4y3G8w==
