# THIS IS AN AUTOGENERATED FILE. DO NOT EDIT THIS FILE DIRECTLY.
# yarn lockfile v1


springtype@^2.0.0-beta.66:
  version "2.0.0-beta.66"
  resolved "https://registry.yarnpkg.com/springtype/-/springtype-2.0.0-beta.66.tgz#b8c0ea04e6972cb2b92579d607fc0d41a3e0eda0"
  integrity sha512-v2U4VgOogR78jCD4DJjpGzEZuDjZHZaB4ZIhImZWY3jCyI8Tun8fwvW5N6/KYRsn2sNhM0TDRiFTZVIZjtQXJw==

typescript@^3.7.4:
  version "3.8.3"
  resolved "https://registry.yarnpkg.com/typescript/-/typescript-3.8.3.tgz#409eb8544ea0335711205869ec458ab109ee1061"
  integrity sha512-MYlEfn5VrLNsgudQTVJeNaQFUAI7DkhnOjdpAp4T+ku1TfQClewlbSuTVHiA+8skNBgaf02TL/kLOvig4y3G8w==
